// !$*UTF8*$!
{
	archiveVersion = 1;
	classes = {
	};
	objectVersion = 46;
	objects = {

/* Begin PBXBuildFile section */
		410F25B21E4772EA00FFB52A /* main.m in Sources */ = {isa = PBXBuildFile; fileRef = 410F25B11E4772EA00FFB52A /* main.m */; };
		410F25B51E4772EA00FFB52A /* AppDelegate.m in Sources */ = {isa = PBXBuildFile; fileRef = 410F25B41E4772EA00FFB52A /* AppDelegate.m */; };
		410F25BB1E4772EA00FFB52A /* Main.storyboard in Resources */ = {isa = PBXBuildFile; fileRef = 410F25B91E4772EA00FFB52A /* Main.storyboard */; };
		410F25BD1E4772EA00FFB52A /* Assets.xcassets in Resources */ = {isa = PBXBuildFile; fileRef = 410F25BC1E4772EA00FFB52A /* Assets.xcassets */; };
		410F25C01E4772EA00FFB52A /* LaunchScreen.storyboard in Resources */ = {isa = PBXBuildFile; fileRef = 410F25BE1E4772EA00FFB52A /* LaunchScreen.storyboard */; };
		410F25CD1E47735400FFB52A /* UIViewController+SLPhotoSelection.m in Sources */ = {isa = PBXBuildFile; fileRef = 410F25CC1E47735400FFB52A /* UIViewController+SLPhotoSelection.m */; };
		417C2E5E1EAD2B440075BB7D /* SLHomeViewController.m in Sources */ = {isa = PBXBuildFile; fileRef = 417C2E5D1EAD2B440075BB7D /* SLHomeViewController.m */; };
		417C2E611EAD2BCB0075BB7D /* SLSelectionViewController.m in Sources */ = {isa = PBXBuildFile; fileRef = 417C2E601EAD2BCB0075BB7D /* SLSelectionViewController.m */; };
		417C2E641EAEE2940075BB7D /* SLPhotoManager.m in Sources */ = {isa = PBXBuildFile; fileRef = 417C2E631EAEE2940075BB7D /* SLPhotoManager.m */; };
		41F030411EAC1B1E00E28161 /* SLAlbumViewController.m in Sources */ = {isa = PBXBuildFile; fileRef = 41F0303F1EAC1B1E00E28161 /* SLAlbumViewController.m */; };
		41F030461EAC1B7C00E28161 /* SLPhotoViewController.m in Sources */ = {isa = PBXBuildFile; fileRef = 41F030441EAC1B7C00E28161 /* SLPhotoViewController.m */; };
		41F030491EAC327100E28161 /* SLImagePicker.storyboard in Resources */ = {isa = PBXBuildFile; fileRef = 41F030481EAC327100E28161 /* SLImagePicker.storyboard */; };
		41F0304C1EAC331C00E28161 /* SLAlbumTableViewCell.m in Sources */ = {isa = PBXBuildFile; fileRef = 41F0304B1EAC331C00E28161 /* SLAlbumTableViewCell.m */; };
		41F030501EAD037F00E28161 /* SLPhotoView.m in Sources */ = {isa = PBXBuildFile; fileRef = 41F0304F1EAD037F00E28161 /* SLPhotoView.m */; };
/* End PBXBuildFile section */

/* Begin PBXFileReference section */
		410F25AD1E4772EA00FFB52A /* SLPhotoSelection.app */ = {isa = PBXFileReference; explicitFileType = wrapper.application; includeInIndex = 0; path = SLPhotoSelection.app; sourceTree = BUILT_PRODUCTS_DIR; };
		410F25B11E4772EA00FFB52A /* main.m */ = {isa = PBXFileReference; lastKnownFileType = sourcecode.c.objc; path = main.m; sourceTree = "<group>"; };
		410F25B31E4772EA00FFB52A /* AppDelegate.h */ = {isa = PBXFileReference; lastKnownFileType = sourcecode.c.h; path = AppDelegate.h; sourceTree = "<group>"; };
		410F25B41E4772EA00FFB52A /* AppDelegate.m */ = {isa = PBXFileReference; lastKnownFileType = sourcecode.c.objc; path = AppDelegate.m; sourceTree = "<group>"; };
		410F25BA1E4772EA00FFB52A /* Base */ = {isa = PBXFileReference; lastKnownFileType = file.storyboard; name = Base; path = Base.lproj/Main.storyboard; sourceTree = "<group>"; };
		410F25BC1E4772EA00FFB52A /* Assets.xcassets */ = {isa = PBXFileReference; lastKnownFileType = folder.assetcatalog; path = Assets.xcassets; sourceTree = "<group>"; };
		410F25BF1E4772EA00FFB52A /* Base */ = {isa = PBXFileReference; lastKnownFileType = file.storyboard; name = Base; path = Base.lproj/LaunchScreen.storyboard; sourceTree = "<group>"; };
		410F25C11E4772EA00FFB52A /* Info.plist */ = {isa = PBXFileReference; lastKnownFileType = text.plist.xml; path = Info.plist; sourceTree = "<group>"; };
		410F25CB1E47735400FFB52A /* UIViewController+SLPhotoSelection.h */ = {isa = PBXFileReference; fileEncoding = 4; lastKnownFileType = sourcecode.c.h; path = "UIViewController+SLPhotoSelection.h"; sourceTree = "<group>"; };
		410F25CC1E47735400FFB52A /* UIViewController+SLPhotoSelection.m */ = {isa = PBXFileReference; fileEncoding = 4; lastKnownFileType = sourcecode.c.objc; path = "UIViewController+SLPhotoSelection.m"; sourceTree = "<group>"; };
		417C2E5C1EAD2B440075BB7D /* SLHomeViewController.h */ = {isa = PBXFileReference; fileEncoding = 4; lastKnownFileType = sourcecode.c.h; path = SLHomeViewController.h; sourceTree = "<group>"; };
		417C2E5D1EAD2B440075BB7D /* SLHomeViewController.m */ = {isa = PBXFileReference; fileEncoding = 4; lastKnownFileType = sourcecode.c.objc; path = SLHomeViewController.m; sourceTree = "<group>"; };
		417C2E5F1EAD2BCB0075BB7D /* SLSelectionViewController.h */ = {isa = PBXFileReference; fileEncoding = 4; lastKnownFileType = sourcecode.c.h; path = SLSelectionViewController.h; sourceTree = "<group>"; };
		417C2E601EAD2BCB0075BB7D /* SLSelectionViewController.m */ = {isa = PBXFileReference; fileEncoding = 4; lastKnownFileType = sourcecode.c.objc; path = SLSelectionViewController.m; sourceTree = "<group>"; };
		417C2E621EAEE2940075BB7D /* SLPhotoManager.h */ = {isa = PBXFileReference; fileEncoding = 4; lastKnownFileType = sourcecode.c.h; path = SLPhotoManager.h; sourceTree = "<group>"; };
		417C2E631EAEE2940075BB7D /* SLPhotoManager.m */ = {isa = PBXFileReference; fileEncoding = 4; lastKnownFileType = sourcecode.c.objc; path = SLPhotoManager.m; sourceTree = "<group>"; };
		41F0303E1EAC1B1E00E28161 /* SLAlbumViewController.h */ = {isa = PBXFileReference; fileEncoding = 4; lastKnownFileType = sourcecode.c.h; path = SLAlbumViewController.h; sourceTree = "<group>"; };
		41F0303F1EAC1B1E00E28161 /* SLAlbumViewController.m */ = {isa = PBXFileReference; fileEncoding = 4; lastKnownFileType = sourcecode.c.objc; path = SLAlbumViewController.m; sourceTree = "<group>"; };
		41F030431EAC1B7C00E28161 /* SLPhotoViewController.h */ = {isa = PBXFileReference; fileEncoding = 4; lastKnownFileType = sourcecode.c.h; path = SLPhotoViewController.h; sourceTree = "<group>"; };
		41F030441EAC1B7C00E28161 /* SLPhotoViewController.m */ = {isa = PBXFileReference; fileEncoding = 4; lastKnownFileType = sourcecode.c.objc; path = SLPhotoViewController.m; sourceTree = "<group>"; };
		41F030481EAC327100E28161 /* SLImagePicker.storyboard */ = {isa = PBXFileReference; fileEncoding = 4; lastKnownFileType = file.storyboard; path = SLImagePicker.storyboard; sourceTree = "<group>"; };
		41F0304A1EAC331C00E28161 /* SLAlbumTableViewCell.h */ = {isa = PBXFileReference; fileEncoding = 4; lastKnownFileType = sourcecode.c.h; path = SLAlbumTableViewCell.h; sourceTree = "<group>"; };
		41F0304B1EAC331C00E28161 /* SLAlbumTableViewCell.m */ = {isa = PBXFileReference; fileEncoding = 4; lastKnownFileType = sourcecode.c.objc; path = SLAlbumTableViewCell.m; sourceTree = "<group>"; };
		41F0304E1EAD037F00E28161 /* SLPhotoView.h */ = {isa = PBXFileReference; fileEncoding = 4; lastKnownFileType = sourcecode.c.h; path = SLPhotoView.h; sourceTree = "<group>"; };
		41F0304F1EAD037F00E28161 /* SLPhotoView.m */ = {isa = PBXFileReference; fileEncoding = 4; lastKnownFileType = sourcecode.c.objc; path = SLPhotoView.m; sourceTree = "<group>"; };
/* End PBXFileReference section */

/* Begin PBXFrameworksBuildPhase section */
		410F25AA1E4772EA00FFB52A /* Frameworks */ = {
			isa = PBXFrameworksBuildPhase;
			buildActionMask = 2147483647;
			files = (
			);
			runOnlyForDeploymentPostprocessing = 0;
		};
/* End PBXFrameworksBuildPhase section */

/* Begin PBXGroup section */
		410F25A41E4772EA00FFB52A = {
			isa = PBXGroup;
			children = (
				410F25AF1E4772EA00FFB52A /* SLPhotoSelection */,
				410F25AE1E4772EA00FFB52A /* Products */,
			);
			sourceTree = "<group>";
		};
		410F25AE1E4772EA00FFB52A /* Products */ = {
			isa = PBXGroup;
			children = (
				410F25AD1E4772EA00FFB52A /* SLPhotoSelection.app */,
			);
			name = Products;
			sourceTree = "<group>";
		};
		410F25AF1E4772EA00FFB52A /* SLPhotoSelection */ = {
			isa = PBXGroup;
			children = (
				410F25C71E47730D00FFB52A /* SLPhotoSelection */,
				410F25B31E4772EA00FFB52A /* AppDelegate.h */,
				410F25B41E4772EA00FFB52A /* AppDelegate.m */,
				417C2E5F1EAD2BCB0075BB7D /* SLSelectionViewController.h */,
				417C2E601EAD2BCB0075BB7D /* SLSelectionViewController.m */,
				417C2E5C1EAD2B440075BB7D /* SLHomeViewController.h */,
				417C2E5D1EAD2B440075BB7D /* SLHomeViewController.m */,
				410F25B91E4772EA00FFB52A /* Main.storyboard */,
				410F25BC1E4772EA00FFB52A /* Assets.xcassets */,
				410F25BE1E4772EA00FFB52A /* LaunchScreen.storyboard */,
				410F25C11E4772EA00FFB52A /* Info.plist */,
				410F25B01E4772EA00FFB52A /* Supporting Files */,
			);
			path = SLPhotoSelection;
			sourceTree = "<group>";
		};
		410F25B01E4772EA00FFB52A /* Supporting Files */ = {
			isa = PBXGroup;
			children = (
				410F25B11E4772EA00FFB52A /* main.m */,
			);
			name = "Supporting Files";
			sourceTree = "<group>";
		};
		410F25C71E47730D00FFB52A /* SLPhotoSelection */ = {
			isa = PBXGroup;
			children = (
				41F0303D1EAC1AAA00E28161 /* SLImagePickerController */,
				410F25CB1E47735400FFB52A /* UIViewController+SLPhotoSelection.h */,
				410F25CC1E47735400FFB52A /* UIViewController+SLPhotoSelection.m */,
			);
			path = SLPhotoSelection;
			sourceTree = "<group>";
		};
		41F0303D1EAC1AAA00E28161 /* SLImagePickerController */ = {
			isa = PBXGroup;
			children = (
				41F0303E1EAC1B1E00E28161 /* SLAlbumViewController.h */,
				41F0303F1EAC1B1E00E28161 /* SLAlbumViewController.m */,
				41F030431EAC1B7C00E28161 /* SLPhotoViewController.h */,
				41F030441EAC1B7C00E28161 /* SLPhotoViewController.m */,
				41F030481EAC327100E28161 /* SLImagePicker.storyboard */,
				41F0304A1EAC331C00E28161 /* SLAlbumTableViewCell.h */,
				41F0304B1EAC331C00E28161 /* SLAlbumTableViewCell.m */,
				41F0304E1EAD037F00E28161 /* SLPhotoView.h */,
				41F0304F1EAD037F00E28161 /* SLPhotoView.m */,
				417C2E621EAEE2940075BB7D /* SLPhotoManager.h */,
				417C2E631EAEE2940075BB7D /* SLPhotoManager.m */,
			);
			path = SLImagePickerController;
			sourceTree = "<group>";
		};
/* End PBXGroup section */

/* Begin PBXNativeTarget section */
		410F25AC1E4772EA00FFB52A /* SLPhotoSelection */ = {
			isa = PBXNativeTarget;
			buildConfigurationList = 410F25C41E4772EA00FFB52A /* Build configuration list for PBXNativeTarget "SLPhotoSelection" */;
			buildPhases = (
				410F25A91E4772EA00FFB52A /* Sources */,
				410F25AA1E4772EA00FFB52A /* Frameworks */,
				410F25AB1E4772EA00FFB52A /* Resources */,
			);
			buildRules = (
			);
			dependencies = (
			);
			name = SLPhotoSelection;
			productName = SLPhotoSelection;
			productReference = 410F25AD1E4772EA00FFB52A /* SLPhotoSelection.app */;
			productType = "com.apple.product-type.application";
		};
/* End PBXNativeTarget section */

/* Begin PBXProject section */
		410F25A51E4772EA00FFB52A /* Project object */ = {
			isa = PBXProject;
			attributes = {
				LastUpgradeCheck = 0820;
				ORGANIZATIONNAME = "Agustin De Leon";
				TargetAttributes = {
					410F25AC1E4772EA00FFB52A = {
						CreatedOnToolsVersion = 8.2.1;
						DevelopmentTeam = QEXTZ9L4HQ;
						ProvisioningStyle = Manual;
					};
				};
			};
			buildConfigurationList = 410F25A81E4772EA00FFB52A /* Build configuration list for PBXProject "SLPhotoSelection" */;
			compatibilityVersion = "Xcode 3.2";
			developmentRegion = English;
			hasScannedForEncodings = 0;
			knownRegions = (
				en,
				Base,
			);
			mainGroup = 410F25A41E4772EA00FFB52A;
			productRefGroup = 410F25AE1E4772EA00FFB52A /* Products */;
			projectDirPath = "";
			projectRoot = "";
			targets = (
				410F25AC1E4772EA00FFB52A /* SLPhotoSelection */,
			);
		};
/* End PBXProject section */

/* Begin PBXResourcesBuildPhase section */
		410F25AB1E4772EA00FFB52A /* Resources */ = {
			isa = PBXResourcesBuildPhase;
			buildActionMask = 2147483647;
			files = (
				410F25C01E4772EA00FFB52A /* LaunchScreen.storyboard in Resources */,
				410F25BD1E4772EA00FFB52A /* Assets.xcassets in Resources */,
				410F25BB1E4772EA00FFB52A /* Main.storyboard in Resources */,
				41F030491EAC327100E28161 /* SLImagePicker.storyboard in Resources */,
			);
			runOnlyForDeploymentPostprocessing = 0;
		};
/* End PBXResourcesBuildPhase section */

/* Begin PBXSourcesBuildPhase section */
		410F25A91E4772EA00FFB52A /* Sources */ = {
			isa = PBXSourcesBuildPhase;
			buildActionMask = 2147483647;
			files = (
				410F25CD1E47735400FFB52A /* UIViewController+SLPhotoSelection.m in Sources */,
				417C2E611EAD2BCB0075BB7D /* SLSelectionViewController.m in Sources */,
				417C2E5E1EAD2B440075BB7D /* SLHomeViewController.m in Sources */,
				417C2E641EAEE2940075BB7D /* SLPhotoManager.m in Sources */,
				41F0304C1EAC331C00E28161 /* SLAlbumTableViewCell.m in Sources */,
				41F030461EAC1B7C00E28161 /* SLPhotoViewController.m in Sources */,
				41F030501EAD037F00E28161 /* SLPhotoView.m in Sources */,
				410F25B51E4772EA00FFB52A /* AppDelegate.m in Sources */,
				410F25B21E4772EA00FFB52A /* main.m in Sources */,
				41F030411EAC1B1E00E28161 /* SLAlbumViewController.m in Sources */,
			);
			runOnlyForDeploymentPostprocessing = 0;
		};
/* End PBXSourcesBuildPhase section */

/* Begin PBXVariantGroup section */
		410F25B91E4772EA00FFB52A /* Main.storyboard */ = {
			isa = PBXVariantGroup;
			children = (
				410F25BA1E4772EA00FFB52A /* Base */,
			);
			name = Main.storyboard;
			sourceTree = "<group>";
		};
		410F25BE1E4772EA00FFB52A /* LaunchScreen.storyboard */ = {
			isa = PBXVariantGroup;
			children = (
				410F25BF1E4772EA00FFB52A /* Base */,
			);
			name = LaunchScreen.storyboard;
			sourceTree = "<group>";
		};
/* End PBXVariantGroup section */

/* Begin XCBuildConfiguration section */
		410F25C21E4772EA00FFB52A /* Debug */ = {
			isa = XCBuildConfiguration;
			buildSettings = {
				ALWAYS_SEARCH_USER_PATHS = NO;
				CLANG_ANALYZER_NONNULL = YES;
				CLANG_CXX_LANGUAGE_STANDARD = "gnu++0x";
				CLANG_CXX_LIBRARY = "libc++";
				CLANG_ENABLE_MODULES = YES;
				CLANG_ENABLE_OBJC_ARC = YES;
				CLANG_WARN_BOOL_CONVERSION = YES;
				CLANG_WARN_CONSTANT_CONVERSION = YES;
				CLANG_WARN_DIRECT_OBJC_ISA_USAGE = YES_ERROR;
				CLANG_WARN_DOCUMENTATION_COMMENTS = YES;
				CLANG_WARN_EMPTY_BODY = YES;
				CLANG_WARN_ENUM_CONVERSION = YES;
				CLANG_WARN_INFINITE_RECURSION = YES;
				CLANG_WARN_INT_CONVERSION = YES;
				CLANG_WARN_OBJC_ROOT_CLASS = YES_ERROR;
				CLANG_WARN_SUSPICIOUS_MOVE = YES;
				CLANG_WARN_UNREACHABLE_CODE = YES;
				CLANG_WARN__DUPLICATE_METHOD_MATCH = YES;
				"CODE_SIGN_IDENTITY[sdk=iphoneos*]" = "iPhone Developer";
				COPY_PHASE_STRIP = NO;
				DEBUG_INFORMATION_FORMAT = dwarf;
				ENABLE_STRICT_OBJC_MSGSEND = YES;
				ENABLE_TESTABILITY = YES;
				GCC_C_LANGUAGE_STANDARD = gnu99;
				GCC_DYNAMIC_NO_PIC = NO;
				GCC_NO_COMMON_BLOCKS = YES;
				GCC_OPTIMIZATION_LEVEL = 0;
				GCC_PREPROCESSOR_DEFINITIONS = (
					"DEBUG=1",
					"$(inherited)",
				);
				GCC_WARN_64_TO_32_BIT_CONVERSION = YES;
				GCC_WARN_ABOUT_RETURN_TYPE = YES_ERROR;
				GCC_WARN_UNDECLARED_SELECTOR = YES;
				GCC_WARN_UNINITIALIZED_AUTOS = YES_AGGRESSIVE;
				GCC_WARN_UNUSED_FUNCTION = YES;
				GCC_WARN_UNUSED_VARIABLE = YES;
				IPHONEOS_DEPLOYMENT_TARGET = 10.2;
				MTL_ENABLE_DEBUG_INFO = YES;
				ONLY_ACTIVE_ARCH = YES;
				SDKROOT = iphoneos;
			};
			name = Debug;
		};
		410F25C31E4772EA00FFB52A /* Release */ = {
			isa = XCBuildConfiguration;
			buildSettings = {
				ALWAYS_SEARCH_USER_PATHS = NO;
				CLANG_ANALYZER_NONNULL = YES;
				CLANG_CXX_LANGUAGE_STANDARD = "gnu++0x";
				CLANG_CXX_LIBRARY = "libc++";
				CLANG_ENABLE_MODULES = YES;
				CLANG_ENABLE_OBJC_ARC = YES;
				CLANG_WARN_BOOL_CONVERSION = YES;
				CLANG_WARN_CONSTANT_CONVERSION = YES;
				CLANG_WARN_DIRECT_OBJC_ISA_USAGE = YES_ERROR;
				CLANG_WARN_DOCUMENTATION_COMMENTS = YES;
				CLANG_WARN_EMPTY_BODY = YES;
				CLANG_WARN_ENUM_CONVERSION = YES;
				CLANG_WARN_INFINITE_RECURSION = YES;
				CLANG_WARN_INT_CONVERSION = YES;
				CLANG_WARN_OBJC_ROOT_CLASS = YES_ERROR;
				CLANG_WARN_SUSPICIOUS_MOVE = YES;
				CLANG_WARN_UNREACHABLE_CODE = YES;
				CLANG_WARN__DUPLICATE_METHOD_MATCH = YES;
				"CODE_SIGN_IDENTITY[sdk=iphoneos*]" = "iPhone Developer";
				COPY_PHASE_STRIP = NO;
				DEBUG_INFORMATION_FORMAT = "dwarf-with-dsym";
				ENABLE_NS_ASSERTIONS = NO;
				ENABLE_STRICT_OBJC_MSGSEND = YES;
				GCC_C_LANGUAGE_STANDARD = gnu99;
				GCC_NO_COMMON_BLOCKS = YES;
				GCC_WARN_64_TO_32_BIT_CONVERSION = YES;
				GCC_WARN_ABOUT_RETURN_TYPE = YES_ERROR;
				GCC_WARN_UNDECLARED_SELECTOR = YES;
				GCC_WARN_UNINITIALIZED_AUTOS = YES_AGGRESSIVE;
				GCC_WARN_UNUSED_FUNCTION = YES;
				GCC_WARN_UNUSED_VARIABLE = YES;
				IPHONEOS_DEPLOYMENT_TARGET = 10.2;
				MTL_ENABLE_DEBUG_INFO = NO;
				SDKROOT = iphoneos;
				VALIDATE_PRODUCT = YES;
			};
			name = Release;
		};
		410F25C51E4772EA00FFB52A /* Debug */ = {
			isa = XCBuildConfiguration;
			buildSettings = {
				ASSETCATALOG_COMPILER_APPICON_NAME = AppIcon;
				CODE_SIGN_IDENTITY = "";
				"CODE_SIGN_IDENTITY[sdk=iphoneos*]" = "iPhone Developer";
				DEVELOPMENT_TEAM = QEXTZ9L4HQ;
				INFOPLIST_FILE = SLPhotoSelection/Info.plist;
				IPHONEOS_DEPLOYMENT_TARGET = 8.0;
				LD_RUNPATH_SEARCH_PATHS = "$(inherited) @executable_path/Frameworks";
				PRODUCT_BUNDLE_IDENTIFIER = com.SouthLions.SLPhotoSelection;
				PRODUCT_NAME = "$(TARGET_NAME)";
				PROVISIONING_PROFILE = "a2fbaa0d-772a-430f-bb78-16f18b1b48dc";
				PROVISIONING_PROFILE_SPECIFIER = "South Lions Development";
			};
			name = Debug;
		};
		410F25C61E4772EA00FFB52A /* Release */ = {
			isa = XCBuildConfiguration;
			buildSettings = {
				ASSETCATALOG_COMPILER_APPICON_NAME = AppIcon;
				CODE_SIGN_IDENTITY = "iPhone Distribution";
				"CODE_SIGN_IDENTITY[sdk=iphoneos*]" = "iPhone Developer";
				DEVELOPMENT_TEAM = "";
				INFOPLIST_FILE = SLPhotoSelection/Info.plist;
				IPHONEOS_DEPLOYMENT_TARGET = 8.0;
				LD_RUNPATH_SEARCH_PATHS = "$(inherited) @executable_path/Frameworks";
				PRODUCT_BUNDLE_IDENTIFIER = com.SouthLions.SLPhotoSelection;
				PRODUCT_NAME = "$(TARGET_NAME)";
				PROVISIONING_PROFILE_SPECIFIER = "";
			};
			name = Release;
		};
/* End XCBuildConfiguration section */

/* Begin XCConfigurationList section */
		410F25A81E4772EA00FFB52A /* Build configuration list for PBXProject "SLPhotoSelection" */ = {
			isa = XCConfigurationList;
			buildConfigurations = (
				410F25C21E4772EA00FFB52A /* Debug */,
				410F25C31E4772EA00FFB52A /* Release */,
			);
			defaultConfigurationIsVisible = 0;
			defaultConfigurationName = Release;
		};
		410F25C41E4772EA00FFB52A /* Build configuration list for PBXNativeTarget "SLPhotoSelection" */ = {
			isa = XCConfigurationList;
			buildConfigurations = (
				410F25C51E4772EA00FFB52A /* Debug */,
				410F25C61E4772EA00FFB52A /* Release */,
			);
			defaultConfigurationIsVisible = 0;
			defaultConfigurationName = Release;
		};
/* End XCConfigurationList section */
	};
	rootObject = 410F25A51E4772EA00FFB52A /* Project object */;
}
